
Microsoft Visual Studio Solution File, Format Version 12.00
# Visual Studio Version 16
VisualStudioVersion = 16.0.28803.352
MinimumVisualStudioVersion = 10.0.40219.1
Project("{9A19103F-16F7-4668-BE54-9A1E7A4F7556}") = "PhotonTheme.WpfDemo", "PhotonTheme.WpfDemo\PhotonTheme.WpfDemo.csproj", "{82F0DB16-DF5B-40E2-8F69-6F98BF66EB06}"
EndProject
Project("{9A19103F-16F7-4668-BE54-9A1E7A4F7556}") = "PhotonTheme", "PhotonTheme\PhotonTheme.csproj", "{21DC4690-686F-4A3E-B6DD-8D5253B19E87}"
EndProject
Global
	GlobalSection(SolutionConfigurationPlatforms) = preSolution
		Debug|Any CPU = Debug|Any CPU
		Release|Any CPU = Release|Any CPU
	EndGlobalSection
	GlobalSection(ProjectConfigurationPlatforms) = postSolution
		{82F0DB16-DF5B-40E2-8F69-6F98BF66EB06}.Debug|Any CPU.ActiveCfg = Debug|Any CPU
		{82F0DB16-DF5B-40E2-8F69-6F98BF66EB06}.Debug|Any CPU.Build.0 = Debug|Any CPU
		{82F0DB16-DF5B-40E2-8F69-6F98BF66EB06}.Release|Any CPU.ActiveCfg = Release|Any CPU
		{82F0DB16-DF5B-40E2-8F69-6F98BF66EB06}.Release|Any CPU.Build.0 = Release|Any CPU
		{21DC4690-686F-4A3E-B6DD-8D5253B19E87}.Debug|Any CPU.ActiveCfg = Debug|Any CPU
		{21DC4690-686F-4A3E-B6DD-8D5253B19E87}.Debug|Any CPU.Build.0 = Debug|Any CPU
		{21DC4690-686F-4A3E-B6DD-8D5253B19E87}.Release|Any CPU.ActiveCfg = Release|Any CPU
		{21DC4690-686F-4A3E-B6DD-8D5253B19E87}.Release|Any CPU.Build.0 = Release|Any CPU
	EndGlobalSection
	GlobalSection(SolutionProperties) = preSolution
		HideSolutionNode = FALSE
	EndGlobalSection
	GlobalSection(ExtensibilityGlobals) = postSolution
		SolutionGuid = {4F1AC31F-FE88-4C3D-A7A6-C28C2E796215}
	EndGlobalSection
EndGlobal
