
Microsoft Visual Studio Solution File, Format Version 12.00
# Visual Studio Version 16
VisualStudioVersion = 16.0.28803.352
MinimumVisualStudioVersion = 10.0.40219.1
Project("{FAE04EC0-301F-11D3-BF4B-00C04F79EFBC}") = "PhotonTheme.Wpf", "PhotonDesign.Wpf\PhotonTheme.Wpf.csproj", "{EE4E0EF3-4DD6-48C0-BAD0-5B736AD766E0}"
EndProject
Project("{FAE04EC0-301F-11D3-BF4B-00C04F79EFBC}") = "PhotonTheme.DemoWpf", "PhotonDesign.DemoWpf\PhotonTheme.DemoWpf.csproj", "{EF8C12AB-6A43-4C03-A9BE-BF5D881B622B}"
EndProject
Global
	GlobalSection(SolutionConfigurationPlatforms) = preSolution
		Debug|Any CPU = Debug|Any CPU
		Release|Any CPU = Release|Any CPU
	EndGlobalSection
	GlobalSection(ProjectConfigurationPlatforms) = postSolution
		{EE4E0EF3-4DD6-48C0-BAD0-5B736AD766E0}.Debug|Any CPU.ActiveCfg = Debug|Any CPU
		{EE4E0EF3-4DD6-48C0-BAD0-5B736AD766E0}.Debug|Any CPU.Build.0 = Debug|Any CPU
		{EE4E0EF3-4DD6-48C0-BAD0-5B736AD766E0}.Release|Any CPU.ActiveCfg = Release|Any CPU
		{EE4E0EF3-4DD6-48C0-BAD0-5B736AD766E0}.Release|Any CPU.Build.0 = Release|Any CPU
		{EF8C12AB-6A43-4C03-A9BE-BF5D881B622B}.Debug|Any CPU.ActiveCfg = Debug|Any CPU
		{EF8C12AB-6A43-4C03-A9BE-BF5D881B622B}.Debug|Any CPU.Build.0 = Debug|Any CPU
		{EF8C12AB-6A43-4C03-A9BE-BF5D881B622B}.Release|Any CPU.ActiveCfg = Release|Any CPU
		{EF8C12AB-6A43-4C03-A9BE-BF5D881B622B}.Release|Any CPU.Build.0 = Release|Any CPU
	EndGlobalSection
	GlobalSection(SolutionProperties) = preSolution
		HideSolutionNode = FALSE
	EndGlobalSection
	GlobalSection(ExtensibilityGlobals) = postSolution
		SolutionGuid = {4F1AC31F-FE88-4C3D-A7A6-C28C2E796215}
	EndGlobalSection
EndGlobal
